// !$*UTF8*$!
{
	archiveVersion = 1;
	classes = {
	};
	objectVersion = 46;
	objects = {

/* Begin PBXBuildFile section */
		1558FD501909117A00B5A909 /* Foundation.framework in Frameworks */ = {isa = PBXBuildFile; fileRef = 1558FD4F1909117A00B5A909 /* Foundation.framework */; };
		1558FD521909117A00B5A909 /* CoreGraphics.framework in Frameworks */ = {isa = PBXBuildFile; fileRef = 1558FD511909117A00B5A909 /* CoreGraphics.framework */; };
		1558FD541909117A00B5A909 /* UIKit.framework in Frameworks */ = {isa = PBXBuildFile; fileRef = 1558FD531909117A00B5A909 /* UIKit.framework */; };
		1558FD561909117A00B5A909 /* SpriteKit.framework in Frameworks */ = {isa = PBXBuildFile; fileRef = 1558FD551909117A00B5A909 /* SpriteKit.framework */; };
		1558FD5C1909117B00B5A909 /* InfoPlist.strings in Resources */ = {isa = PBXBuildFile; fileRef = 1558FD5A1909117B00B5A909 /* InfoPlist.strings */; };
		1558FD5E1909117B00B5A909 /* main.m in Sources */ = {isa = PBXBuildFile; fileRef = 1558FD5D1909117B00B5A909 /* main.m */; };
		1558FD621909117B00B5A909 /* SpriteAppDelegate.m in Sources */ = {isa = PBXBuildFile; fileRef = 1558FD611909117B00B5A909 /* SpriteAppDelegate.m */; };
		1558FD651909117B00B5A909 /* Main.storyboard in Resources */ = {isa = PBXBuildFile; fileRef = 1558FD631909117B00B5A909 /* Main.storyboard */; };
		1558FD681909117B00B5A909 /* SpriteViewController.m in Sources */ = {isa = PBXBuildFile; fileRef = 1558FD671909117B00B5A909 /* SpriteViewController.m */; };
		1558FD6B1909117B00B5A909 /* SpriteMyScene.m in Sources */ = {isa = PBXBuildFile; fileRef = 1558FD6A1909117B00B5A909 /* SpriteMyScene.m */; };
		1558FD6D1909117B00B5A909 /* Spaceship.png in Resources */ = {isa = PBXBuildFile; fileRef = 1558FD6C1909117B00B5A909 /* Spaceship.png */; };
		1558FD6F1909117B00B5A909 /* Images.xcassets in Resources */ = {isa = PBXBuildFile; fileRef = 1558FD6E1909117B00B5A909 /* Images.xcassets */; };
		1558FD761909117B00B5A909 /* XCTest.framework in Frameworks */ = {isa = PBXBuildFile; fileRef = 1558FD751909117B00B5A909 /* XCTest.framework */; };
		1558FD771909117B00B5A909 /* Foundation.framework in Frameworks */ = {isa = PBXBuildFile; fileRef = 1558FD4F1909117A00B5A909 /* Foundation.framework */; };
		1558FD781909117B00B5A909 /* UIKit.framework in Frameworks */ = {isa = PBXBuildFile; fileRef = 1558FD531909117A00B5A909 /* UIKit.framework */; };
		1558FD801909117B00B5A909 /* InfoPlist.strings in Resources */ = {isa = PBXBuildFile; fileRef = 1558FD7E1909117B00B5A909 /* InfoPlist.strings */; };
		1558FD821909117B00B5A909 /* SpriteKitTestTests.m in Sources */ = {isa = PBXBuildFile; fileRef = 1558FD811909117B00B5A909 /* SpriteKitTestTests.m */; };
		15C7C701190F9D41009C4AE1 /* Images in Resources */ = {isa = PBXBuildFile; fileRef = 15C7C700190F9D41009C4AE1 /* Images */; };
/* End PBXBuildFile section */

/* Begin PBXContainerItemProxy section */
		1558FD791909117B00B5A909 /* PBXContainerItemProxy */ = {
			isa = PBXContainerItemProxy;
			containerPortal = 1558FD441909117A00B5A909 /* Project object */;
			proxyType = 1;
			remoteGlobalIDString = 1558FD4B1909117A00B5A909;
			remoteInfo = SpriteKitTest;
		};
/* End PBXContainerItemProxy section */

/* Begin PBXFileReference section */
		1558FD4C1909117A00B5A909 /* SpriteKitTest.app */ = {isa = PBXFileReference; explicitFileType = wrapper.application; includeInIndex = 0; path = SpriteKitTest.app; sourceTree = BUILT_PRODUCTS_DIR; };
		1558FD4F1909117A00B5A909 /* Foundation.framework */ = {isa = PBXFileReference; lastKnownFileType = wrapper.framework; name = Foundation.framework; path = System/Library/Frameworks/Foundation.framework; sourceTree = SDKROOT; };
		1558FD511909117A00B5A909 /* CoreGraphics.framework */ = {isa = PBXFileReference; lastKnownFileType = wrapper.framework; name = CoreGraphics.framework; path = System/Library/Frameworks/CoreGraphics.framework; sourceTree = SDKROOT; };
		1558FD531909117A00B5A909 /* UIKit.framework */ = {isa = PBXFileReference; lastKnownFileType = wrapper.framework; name = UIKit.framework; path = System/Library/Frameworks/UIKit.framework; sourceTree = SDKROOT; };
		1558FD551909117A00B5A909 /* SpriteKit.framework */ = {isa = PBXFileReference; lastKnownFileType = wrapper.framework; name = SpriteKit.framework; path = System/Library/Frameworks/SpriteKit.framework; sourceTree = SDKROOT; };
		1558FD591909117A00B5A909 /* SpriteKitTest-Info.plist */ = {isa = PBXFileReference; lastKnownFileType = text.plist.xml; path = "SpriteKitTest-Info.plist"; sourceTree = "<group>"; };
		1558FD5B1909117B00B5A909 /* en */ = {isa = PBXFileReference; lastKnownFileType = text.plist.strings; name = en; path = en.lproj/InfoPlist.strings; sourceTree = "<group>"; };
		1558FD5D1909117B00B5A909 /* main.m */ = {isa = PBXFileReference; lastKnownFileType = sourcecode.c.objc; path = main.m; sourceTree = "<group>"; };
		1558FD5F1909117B00B5A909 /* SpriteKitTest-Prefix.pch */ = {isa = PBXFileReference; lastKnownFileType = sourcecode.c.h; path = "SpriteKitTest-Prefix.pch"; sourceTree = "<group>"; };
		1558FD601909117B00B5A909 /* SpriteAppDelegate.h */ = {isa = PBXFileReference; lastKnownFileType = sourcecode.c.h; path = SpriteAppDelegate.h; sourceTree = "<group>"; };
		1558FD611909117B00B5A909 /* SpriteAppDelegate.m */ = {isa = PBXFileReference; lastKnownFileType = sourcecode.c.objc; path = SpriteAppDelegate.m; sourceTree = "<group>"; };
		1558FD641909117B00B5A909 /* Base */ = {isa = PBXFileReference; lastKnownFileType = file.storyboard; name = Base; path = Base.lproj/Main.storyboard; sourceTree = "<group>"; };
		1558FD661909117B00B5A909 /* SpriteViewController.h */ = {isa = PBXFileReference; lastKnownFileType = sourcecode.c.h; path = SpriteViewController.h; sourceTree = "<group>"; };
		1558FD671909117B00B5A909 /* SpriteViewController.m */ = {isa = PBXFileReference; lastKnownFileType = sourcecode.c.objc; path = SpriteViewController.m; sourceTree = "<group>"; };
		1558FD691909117B00B5A909 /* SpriteMyScene.h */ = {isa = PBXFileReference; lastKnownFileType = sourcecode.c.h; path = SpriteMyScene.h; sourceTree = "<group>"; };
		1558FD6A1909117B00B5A909 /* SpriteMyScene.m */ = {isa = PBXFileReference; lastKnownFileType = sourcecode.c.objc; path = SpriteMyScene.m; sourceTree = "<group>"; };
		1558FD6C1909117B00B5A909 /* Spaceship.png */ = {isa = PBXFileReference; lastKnownFileType = image.png; path = Spaceship.png; sourceTree = "<group>"; };
		1558FD6E1909117B00B5A909 /* Images.xcassets */ = {isa = PBXFileReference; lastKnownFileType = folder.assetcatalog; path = Images.xcassets; sourceTree = "<group>"; };
		1558FD741909117B00B5A909 /* SpriteKitTestTests.xctest */ = {isa = PBXFileReference; explicitFileType = wrapper.cfbundle; includeInIndex = 0; path = SpriteKitTestTests.xctest; sourceTree = BUILT_PRODUCTS_DIR; };
		1558FD751909117B00B5A909 /* XCTest.framework */ = {isa = PBXFileReference; lastKnownFileType = wrapper.framework; name = XCTest.framework; path = Library/Frameworks/XCTest.framework; sourceTree = DEVELOPER_DIR; };
		1558FD7D1909117B00B5A909 /* SpriteKitTestTests-Info.plist */ = {isa = PBXFileReference; lastKnownFileType = text.plist.xml; path = "SpriteKitTestTests-Info.plist"; sourceTree = "<group>"; };
		1558FD7F1909117B00B5A909 /* en */ = {isa = PBXFileReference; lastKnownFileType = text.plist.strings; name = en; path = en.lproj/InfoPlist.strings; sourceTree = "<group>"; };
		1558FD811909117B00B5A909 /* SpriteKitTestTests.m */ = {isa = PBXFileReference; lastKnownFileType = sourcecode.c.objc; path = SpriteKitTestTests.m; sourceTree = "<group>"; };
		15C7C700190F9D41009C4AE1 /* Images */ = {isa = PBXFileReference; lastKnownFileType = folder; name = Images; path = SpriteKitTest/Resource/Images; sourceTree = "<group>"; };
/* End PBXFileReference section */

/* Begin PBXFrameworksBuildPhase section */
		1558FD491909117A00B5A909 /* Frameworks */ = {
			isa = PBXFrameworksBuildPhase;
			buildActionMask = 2147483647;
			files = (
				1558FD521909117A00B5A909 /* CoreGraphics.framework in Frameworks */,
				1558FD541909117A00B5A909 /* UIKit.framework in Frameworks */,
				1558FD561909117A00B5A909 /* SpriteKit.framework in Frameworks */,
				1558FD501909117A00B5A909 /* Foundation.framework in Frameworks */,
			);
			runOnlyForDeploymentPostprocessing = 0;
		};
		1558FD711909117B00B5A909 /* Frameworks */ = {
			isa = PBXFrameworksBuildPhase;
			buildActionMask = 2147483647;
			files = (
				1558FD761909117B00B5A909 /* XCTest.framework in Frameworks */,
				1558FD781909117B00B5A909 /* UIKit.framework in Frameworks */,
				1558FD771909117B00B5A909 /* Foundation.framework in Frameworks */,
			);
			runOnlyForDeploymentPostprocessing = 0;
		};
/* End PBXFrameworksBuildPhase section */

/* Begin PBXGroup section */
		1558FD431909117A00B5A909 = {
			isa = PBXGroup;
			children = (
				1558FD571909117A00B5A909 /* SpriteKitTest */,
				1558FD7B1909117B00B5A909 /* SpriteKitTestTests */,
				1558FD4E1909117A00B5A909 /* Frameworks */,
				1558FD4D1909117A00B5A909 /* Products */,
				15C7C6F8190E64F3009C4AE1 /* Resource */,
			);
			sourceTree = "<group>";
		};
		1558FD4D1909117A00B5A909 /* Products */ = {
			isa = PBXGroup;
			children = (
				1558FD4C1909117A00B5A909 /* SpriteKitTest.app */,
				1558FD741909117B00B5A909 /* SpriteKitTestTests.xctest */,
			);
			name = Products;
			sourceTree = "<group>";
		};
		1558FD4E1909117A00B5A909 /* Frameworks */ = {
			isa = PBXGroup;
			children = (
				1558FD4F1909117A00B5A909 /* Foundation.framework */,
				1558FD511909117A00B5A909 /* CoreGraphics.framework */,
				1558FD531909117A00B5A909 /* UIKit.framework */,
				1558FD551909117A00B5A909 /* SpriteKit.framework */,
				1558FD751909117B00B5A909 /* XCTest.framework */,
			);
			name = Frameworks;
			sourceTree = "<group>";
		};
		1558FD571909117A00B5A909 /* SpriteKitTest */ = {
			isa = PBXGroup;
			children = (
				1558FD601909117B00B5A909 /* SpriteAppDelegate.h */,
				1558FD611909117B00B5A909 /* SpriteAppDelegate.m */,
				1558FD631909117B00B5A909 /* Main.storyboard */,
				1558FD661909117B00B5A909 /* SpriteViewController.h */,
				1558FD671909117B00B5A909 /* SpriteViewController.m */,
				1558FD691909117B00B5A909 /* SpriteMyScene.h */,
				1558FD6A1909117B00B5A909 /* SpriteMyScene.m */,
				1558FD6C1909117B00B5A909 /* Spaceship.png */,
				1558FD6E1909117B00B5A909 /* Images.xcassets */,
				1558FD581909117A00B5A909 /* Supporting Files */,
			);
			path = SpriteKitTest;
			sourceTree = "<group>";
		};
		1558FD581909117A00B5A909 /* Supporting Files */ = {
			isa = PBXGroup;
			children = (
				1558FD591909117A00B5A909 /* SpriteKitTest-Info.plist */,
				1558FD5A1909117B00B5A909 /* InfoPlist.strings */,
				1558FD5D1909117B00B5A909 /* main.m */,
				1558FD5F1909117B00B5A909 /* SpriteKitTest-Prefix.pch */,
			);
			name = "Supporting Files";
			sourceTree = "<group>";
		};
		1558FD7B1909117B00B5A909 /* SpriteKitTestTests */ = {
			isa = PBXGroup;
			children = (
				1558FD811909117B00B5A909 /* SpriteKitTestTests.m */,
				1558FD7C1909117B00B5A909 /* Supporting Files */,
			);
			path = SpriteKitTestTests;
			sourceTree = "<group>";
		};
		1558FD7C1909117B00B5A909 /* Supporting Files */ = {
			isa = PBXGroup;
			children = (
				1558FD7D1909117B00B5A909 /* SpriteKitTestTests-Info.plist */,
				1558FD7E1909117B00B5A909 /* InfoPlist.strings */,
			);
			name = "Supporting Files";
			sourceTree = "<group>";
		};
		15C7C6F8190E64F3009C4AE1 /* Resource */ = {
			isa = PBXGroup;
			children = (
				15C7C700190F9D41009C4AE1 /* Images */,
			);
			name = Resource;
			sourceTree = "<group>";
		};
/* End PBXGroup section */

/* Begin PBXNativeTarget section */
		1558FD4B1909117A00B5A909 /* SpriteKitTest */ = {
			isa = PBXNativeTarget;
			buildConfigurationList = 1558FD851909117B00B5A909 /* Build configuration list for PBXNativeTarget "SpriteKitTest" */;
			buildPhases = (
				1558FD481909117A00B5A909 /* Sources */,
				1558FD491909117A00B5A909 /* Frameworks */,
				1558FD4A1909117A00B5A909 /* Resources */,
			);
			buildRules = (
			);
			dependencies = (
			);
			name = SpriteKitTest;
			productName = SpriteKitTest;
			productReference = 1558FD4C1909117A00B5A909 /* SpriteKitTest.app */;
			productType = "com.apple.product-type.application";
		};
		1558FD731909117B00B5A909 /* SpriteKitTestTests */ = {
			isa = PBXNativeTarget;
			buildConfigurationList = 1558FD881909117B00B5A909 /* Build configuration list for PBXNativeTarget "SpriteKitTestTests" */;
			buildPhases = (
				1558FD701909117B00B5A909 /* Sources */,
				1558FD711909117B00B5A909 /* Frameworks */,
				1558FD721909117B00B5A909 /* Resources */,
			);
			buildRules = (
			);
			dependencies = (
				1558FD7A1909117B00B5A909 /* PBXTargetDependency */,
			);
			name = SpriteKitTestTests;
			productName = SpriteKitTestTests;
			productReference = 1558FD741909117B00B5A909 /* SpriteKitTestTests.xctest */;
			productType = "com.apple.product-type.bundle.unit-test";
		};
/* End PBXNativeTarget section */

/* Begin PBXProject section */
		1558FD441909117A00B5A909 /* Project object */ = {
			isa = PBXProject;
			attributes = {
				CLASSPREFIX = Sprite;
				LastUpgradeCheck = 0510;
				ORGANIZATIONNAME = 5;
				TargetAttributes = {
					1558FD731909117B00B5A909 = {
						TestTargetID = 1558FD4B1909117A00B5A909;
					};
				};
			};
			buildConfigurationList = 1558FD471909117A00B5A909 /* Build configuration list for PBXProject "SpriteKitTest" */;
			compatibilityVersion = "Xcode 3.2";
			developmentRegion = English;
			hasScannedForEncodings = 0;
			knownRegions = (
				en,
				Base,
			);
			mainGroup = 1558FD431909117A00B5A909;
			productRefGroup = 1558FD4D1909117A00B5A909 /* Products */;
			projectDirPath = "";
			projectRoot = "";
			targets = (
				1558FD4B1909117A00B5A909 /* SpriteKitTest */,
				1558FD731909117B00B5A909 /* SpriteKitTestTests */,
			);
		};
/* End PBXProject section */

/* Begin PBXResourcesBuildPhase section */
		1558FD4A1909117A00B5A909 /* Resources */ = {
			isa = PBXResourcesBuildPhase;
			buildActionMask = 2147483647;
			files = (
				15C7C701190F9D41009C4AE1 /* Images in Resources */,
				1558FD5C1909117B00B5A909 /* InfoPlist.strings in Resources */,
				1558FD6F1909117B00B5A909 /* Images.xcassets in Resources */,
				1558FD6D1909117B00B5A909 /* Spaceship.png in Resources */,
				1558FD651909117B00B5A909 /* Main.storyboard in Resources */,
			);
			runOnlyForDeploymentPostprocessing = 0;
		};
		1558FD721909117B00B5A909 /* Resources */ = {
			isa = PBXResourcesBuildPhase;
			buildActionMask = 2147483647;
			files = (
				1558FD801909117B00B5A909 /* InfoPlist.strings in Resources */,
			);
			runOnlyForDeploymentPostprocessing = 0;
		};
/* End PBXResourcesBuildPhase section */

/* Begin PBXSourcesBuildPhase section */
		1558FD481909117A00B5A909 /* Sources */ = {
			isa = PBXSourcesBuildPhase;
			buildActionMask = 2147483647;
			files = (
				1558FD5E1909117B00B5A909 /* main.m in Sources */,
				1558FD6B1909117B00B5A909 /* SpriteMyScene.m in Sources */,
				1558FD621909117B00B5A909 /* SpriteAppDelegate.m in Sources */,
				1558FD681909117B00B5A909 /* SpriteViewController.m in Sources */,
			);
			runOnlyForDeploymentPostprocessing = 0;
		};
		1558FD701909117B00B5A909 /* Sources */ = {
			isa = PBXSourcesBuildPhase;
			buildActionMask = 2147483647;
			files = (
				1558FD821909117B00B5A909 /* SpriteKitTestTests.m in Sources */,
			);
			runOnlyForDeploymentPostprocessing = 0;
		};
/* End PBXSourcesBuildPhase section */

/* Begin PBXTargetDependency section */
		1558FD7A1909117B00B5A909 /* PBXTargetDependency */ = {
			isa = PBXTargetDependency;
			target = 1558FD4B1909117A00B5A909 /* SpriteKitTest */;
			targetProxy = 1558FD791909117B00B5A909 /* PBXContainerItemProxy */;
		};
/* End PBXTargetDependency section */

/* Begin PBXVariantGroup section */
		1558FD5A1909117B00B5A909 /* InfoPlist.strings */ = {
			isa = PBXVariantGroup;
			children = (
				1558FD5B1909117B00B5A909 /* en */,
			);
			name = InfoPlist.strings;
			sourceTree = "<group>";
		};
		1558FD631909117B00B5A909 /* Main.storyboard */ = {
			isa = PBXVariantGroup;
			children = (
				1558FD641909117B00B5A909 /* Base */,
			);
			name = Main.storyboard;
			sourceTree = "<group>";
		};
		1558FD7E1909117B00B5A909 /* InfoPlist.strings */ = {
			isa = PBXVariantGroup;
			children = (
				1558FD7F1909117B00B5A909 /* en */,
			);
			name = InfoPlist.strings;
			sourceTree = "<group>";
		};
/* End PBXVariantGroup section */

/* Begin XCBuildConfiguration section */
		1558FD831909117B00B5A909 /* Debug */ = {
			isa = XCBuildConfiguration;
			buildSettings = {
				ALWAYS_SEARCH_USER_PATHS = NO;
				CLANG_CXX_LANGUAGE_STANDARD = "gnu++0x";
				CLANG_CXX_LIBRARY = "libc++";
				CLANG_ENABLE_MODULES = YES;
				CLANG_ENABLE_OBJC_ARC = YES;
				CLANG_WARN_BOOL_CONVERSION = YES;
				CLANG_WARN_CONSTANT_CONVERSION = YES;
				CLANG_WARN_DIRECT_OBJC_ISA_USAGE = YES_ERROR;
				CLANG_WARN_EMPTY_BODY = YES;
				CLANG_WARN_ENUM_CONVERSION = YES;
				CLANG_WARN_INT_CONVERSION = YES;
				CLANG_WARN_OBJC_ROOT_CLASS = YES_ERROR;
				CLANG_WARN__DUPLICATE_METHOD_MATCH = YES;
				"CODE_SIGN_IDENTITY[sdk=iphoneos*]" = "iPhone Developer";
				COPY_PHASE_STRIP = NO;
				GCC_C_LANGUAGE_STANDARD = gnu99;
				GCC_DYNAMIC_NO_PIC = NO;
				GCC_OPTIMIZATION_LEVEL = 0;
				GCC_PREPROCESSOR_DEFINITIONS = (
					"DEBUG=1",
					"$(inherited)",
				);
				GCC_SYMBOLS_PRIVATE_EXTERN = NO;
				GCC_WARN_64_TO_32_BIT_CONVERSION = YES;
				GCC_WARN_ABOUT_RETURN_TYPE = YES_ERROR;
				GCC_WARN_UNDECLARED_SELECTOR = YES;
				GCC_WARN_UNINITIALIZED_AUTOS = YES_AGGRESSIVE;
				GCC_WARN_UNUSED_FUNCTION = YES;
				GCC_WARN_UNUSED_VARIABLE = YES;
				IPHONEOS_DEPLOYMENT_TARGET = 7.1;
				ONLY_ACTIVE_ARCH = YES;
				SDKROOT = iphoneos;
			};
			name = Debug;
		};
		1558FD841909117B00B5A909 /* Release */ = {
			isa = XCBuildConfiguration;
			buildSettings = {
				ALWAYS_SEARCH_USER_PATHS = NO;
				CLANG_CXX_LANGUAGE_STANDARD = "gnu++0x";
				CLANG_CXX_LIBRARY = "libc++";
				CLANG_ENABLE_MODULES = YES;
				CLANG_ENABLE_OBJC_ARC = YES;
				CLANG_WARN_BOOL_CONVERSION = YES;
				CLANG_WARN_CONSTANT_CONVERSION = YES;
				CLANG_WARN_DIRECT_OBJC_ISA_USAGE = YES_ERROR;
				CLANG_WARN_EMPTY_BODY = YES;
				CLANG_WARN_ENUM_CONVERSION = YES;
				CLANG_WARN_INT_CONVERSION = YES;
				CLANG_WARN_OBJC_ROOT_CLASS = YES_ERROR;
				CLANG_WARN__DUPLICATE_METHOD_MATCH = YES;
				"CODE_SIGN_IDENTITY[sdk=iphoneos*]" = "iPhone Developer";
				COPY_PHASE_STRIP = YES;
				ENABLE_NS_ASSERTIONS = NO;
				GCC_C_LANGUAGE_STANDARD = gnu99;
				GCC_WARN_64_TO_32_BIT_CONVERSION = YES;
				GCC_WARN_ABOUT_RETURN_TYPE = YES_ERROR;
				GCC_WARN_UNDECLARED_SELECTOR = YES;
				GCC_WARN_UNINITIALIZED_AUTOS = YES_AGGRESSIVE;
				GCC_WARN_UNUSED_FUNCTION = YES;
				GCC_WARN_UNUSED_VARIABLE = YES;
				IPHONEOS_DEPLOYMENT_TARGET = 7.1;
				SDKROOT = iphoneos;
				VALIDATE_PRODUCT = YES;
			};
			name = Release;
		};
		1558FD861909117B00B5A909 /* Debug */ = {
			isa = XCBuildConfiguration;
			buildSettings = {
				ASSETCATALOG_COMPILER_APPICON_NAME = AppIcon;
				ASSETCATALOG_COMPILER_LAUNCHIMAGE_NAME = LaunchImage;
				GCC_PRECOMPILE_PREFIX_HEADER = YES;
				GCC_PREFIX_HEADER = "SpriteKitTest/SpriteKitTest-Prefix.pch";
				INFOPLIST_FILE = "SpriteKitTest/SpriteKitTest-Info.plist";
				PRODUCT_NAME = "$(TARGET_NAME)";
				SPRITEKIT_TEXTURE_ATLAS_OUTPUT = YES;
				WRAPPER_EXTENSION = app;
			};
			name = Debug;
		};
		1558FD871909117B00B5A909 /* Release */ = {
			isa = XCBuildConfiguration;
			buildSettings = {
				ASSETCATALOG_COMPILER_APPICON_NAME = AppIcon;
				ASSETCATALOG_COMPILER_LAUNCHIMAGE_NAME = LaunchImage;
				GCC_PRECOMPILE_PREFIX_HEADER = YES;
				GCC_PREFIX_HEADER = "SpriteKitTest/SpriteKitTest-Prefix.pch";
				INFOPLIST_FILE = "SpriteKitTest/SpriteKitTest-Info.plist";
				PRODUCT_NAME = "$(TARGET_NAME)";
				SPRITEKIT_TEXTURE_ATLAS_OUTPUT = YES;
				WRAPPER_EXTENSION = app;
			};
			name = Release;
		};
		1558FD891909117B00B5A909 /* Debug */ = {
			isa = XCBuildConfiguration;
			buildSettings = {
				BUNDLE_LOADER = "$(BUILT_PRODUCTS_DIR)/SpriteKitTest.app/SpriteKitTest";
				FRAMEWORK_SEARCH_PATHS = (
					"$(SDKROOT)/Developer/Library/Frameworks",
					"$(inherited)",
					"$(DEVELOPER_FRAMEWORKS_DIR)",
				);
				GCC_PRECOMPILE_PREFIX_HEADER = YES;
				GCC_PREFIX_HEADER = "SpriteKitTest/SpriteKitTest-Prefix.pch";
				GCC_PREPROCESSOR_DEFINITIONS = (
					"DEBUG=1",
					"$(inherited)",
				);
				INFOPLIST_FILE = "SpriteKitTestTests/SpriteKitTestTests-Info.plist";
				PRODUCT_NAME = "$(TARGET_NAME)";
				TEST_HOST = "$(BUNDLE_LOADER)";
				WRAPPER_EXTENSION = xctest;
			};
			name = Debug;
		};
		1558FD8A1909117B00B5A909 /* Release */ = {
			isa = XCBuildConfiguration;
			buildSettings = {
				BUNDLE_LOADER = "$(BUILT_PRODUCTS_DIR)/SpriteKitTest.app/SpriteKitTest";
				FRAMEWORK_SEARCH_PATHS = (
					"$(SDKROOT)/Developer/Library/Frameworks",
					"$(inherited)",
					"$(DEVELOPER_FRAMEWORKS_DIR)",
				);
				GCC_PRECOMPILE_PREFIX_HEADER = YES;
				GCC_PREFIX_HEADER = "SpriteKitTest/SpriteKitTest-Prefix.pch";
				INFOPLIST_FILE = "SpriteKitTestTests/SpriteKitTestTests-Info.plist";
				PRODUCT_NAME = "$(TARGET_NAME)";
				TEST_HOST = "$(BUNDLE_LOADER)";
				WRAPPER_EXTENSION = xctest;
			};
			name = Release;
		};
/* End XCBuildConfiguration section */

/* Begin XCConfigurationList section */
		1558FD471909117A00B5A909 /* Build configuration list for PBXProject "SpriteKitTest" */ = {
			isa = XCConfigurationList;
			buildConfigurations = (
				1558FD831909117B00B5A909 /* Debug */,
				1558FD841909117B00B5A909 /* Release */,
			);
			defaultConfigurationIsVisible = 0;
			defaultConfigurationName = Release;
		};
		1558FD851909117B00B5A909 /* Build configuration list for PBXNativeTarget "SpriteKitTest" */ = {
			isa = XCConfigurationList;
			buildConfigurations = (
				1558FD861909117B00B5A909 /* Debug */,
				1558FD871909117B00B5A909 /* Release */,
			);
			defaultConfigurationIsVisible = 0;
			defaultConfigurationName = Release;
		};
		1558FD881909117B00B5A909 /* Build configuration list for PBXNativeTarget "SpriteKitTestTests" */ = {
			isa = XCConfigurationList;
			buildConfigurations = (
				1558FD891909117B00B5A909 /* Debug */,
				1558FD8A1909117B00B5A909 /* Release */,
			);
			defaultConfigurationIsVisible = 0;
			defaultConfigurationName = Release;
		};
/* End XCConfigurationList section */
	};
	rootObject = 1558FD441909117A00B5A909 /* Project object */;
}
